
Microsoft Visual Studio Solution File, Format Version 12.00
# Visual Studio Version 16
VisualStudioVersion = 16.0.30406.217
MinimumVisualStudioVersion = 10.0.40219.1
Project("{FAE04EC0-301F-11D3-BF4B-00C04F79EFBC}") = "SuperMarket", "SuperMarket\SuperMarket.csproj", "{8EA3F8AF-9599-47FD-AC48-89AA119F8A63}"
EndProject
Global
	GlobalSection(SolutionConfigurationPlatforms) = preSolution
		Debug|Any CPU = Debug|Any CPU
		Release|Any CPU = Release|Any CPU
	EndGlobalSection
	GlobalSection(ProjectConfigurationPlatforms) = postSolution
		{8EA3F8AF-9599-47FD-AC48-89AA119F8A63}.Debug|Any CPU.ActiveCfg = Debug|Any CPU
		{8EA3F8AF-9599-47FD-AC48-89AA119F8A63}.Debug|Any CPU.Build.0 = Debug|Any CPU
		{8EA3F8AF-9599-47FD-AC48-89AA119F8A63}.Release|Any CPU.ActiveCfg = Release|Any CPU
		{8EA3F8AF-9599-47FD-AC48-89AA119F8A63}.Release|Any CPU.Build.0 = Release|Any CPU
	EndGlobalSection
	GlobalSection(SolutionProperties) = preSolution
		HideSolutionNode = FALSE
	EndGlobalSection
	GlobalSection(ExtensibilityGlobals) = postSolution
		SolutionGuid = {C3F18847-CC13-4C5A-B451-36E76EA528C6}
	EndGlobalSection
EndGlobal
